
Microsoft Visual Studio Solution File, Format Version 12.00
# Visual Studio Version 16
VisualStudioVersion = 16.0.30611.23
MinimumVisualStudioVersion = 10.0.40219.1
Project("{FAE04EC0-301F-11D3-BF4B-00C04F79EFBC}") = "BrokrageWebApi", "BrokrageWebApi\BrokrageWebApi.csproj", "{C61B0FF4-C18F-4EAD-B576-831A382D021C}"
EndProject
Global
	GlobalSection(SolutionConfigurationPlatforms) = preSolution
		Debug|Any CPU = Debug|Any CPU
		Release|Any CPU = Release|Any CPU
	EndGlobalSection
	GlobalSection(ProjectConfigurationPlatforms) = postSolution
		{C61B0FF4-C18F-4EAD-B576-831A382D021C}.Debug|Any CPU.ActiveCfg = Debug|Any CPU
		{C61B0FF4-C18F-4EAD-B576-831A382D021C}.Debug|Any CPU.Build.0 = Debug|Any CPU
		{C61B0FF4-C18F-4EAD-B576-831A382D021C}.Release|Any CPU.ActiveCfg = Release|Any CPU
		{C61B0FF4-C18F-4EAD-B576-831A382D021C}.Release|Any CPU.Build.0 = Release|Any CPU
	EndGlobalSection
	GlobalSection(SolutionProperties) = preSolution
		HideSolutionNode = FALSE
	EndGlobalSection
	GlobalSection(ExtensibilityGlobals) = postSolution
		SolutionGuid = {16602B1A-D979-4EFF-A085-667F3CB998CA}
	EndGlobalSection
EndGlobal
